
Microsoft Visual Studio Solution File, Format Version 12.00
# Visual Studio 15
VisualStudioVersion = 15.0.27428.2005
MinimumVisualStudioVersion = 10.0.40219.1
Project("{9A19103F-16F7-4668-BE54-9A1E7A4F7556}") = "KGSail", "KGSail\KGSail.csproj", "{9936306F-AD18-42C9-A291-872908592DE0}"
EndProject
Project("{FAE04EC0-301F-11D3-BF4B-00C04F79EFBC}") = "KGClassLibrary", "KGClassLibrary\KGClassLibrary.csproj", "{9F032B3A-9186-4371-A355-88232BB311CD}"
EndProject
Global
	GlobalSection(SolutionConfigurationPlatforms) = preSolution
		Debug|Any CPU = Debug|Any CPU
		Release|Any CPU = Release|Any CPU
	EndGlobalSection
	GlobalSection(ProjectConfigurationPlatforms) = postSolution
		{9936306F-AD18-42C9-A291-872908592DE0}.Debug|Any CPU.ActiveCfg = Debug|Any CPU
		{9936306F-AD18-42C9-A291-872908592DE0}.Debug|Any CPU.Build.0 = Debug|Any CPU
		{9936306F-AD18-42C9-A291-872908592DE0}.Release|Any CPU.ActiveCfg = Release|Any CPU
		{9936306F-AD18-42C9-A291-872908592DE0}.Release|Any CPU.Build.0 = Release|Any CPU
		{9F032B3A-9186-4371-A355-88232BB311CD}.Debug|Any CPU.ActiveCfg = Debug|Any CPU
		{9F032B3A-9186-4371-A355-88232BB311CD}.Debug|Any CPU.Build.0 = Debug|Any CPU
		{9F032B3A-9186-4371-A355-88232BB311CD}.Release|Any CPU.ActiveCfg = Release|Any CPU
		{9F032B3A-9186-4371-A355-88232BB311CD}.Release|Any CPU.Build.0 = Release|Any CPU
	EndGlobalSection
	GlobalSection(SolutionProperties) = preSolution
		HideSolutionNode = FALSE
	EndGlobalSection
	GlobalSection(ExtensibilityGlobals) = postSolution
		SolutionGuid = {793870CB-1E0B-42AE-BB25-868E7EFB7986}
	EndGlobalSection
EndGlobal
